
Microsoft Visual Studio Solution File, Format Version 12.00
# Visual Studio 15
Project("{FAE04EC0-301F-11D3-BF4B-00C04F79EFBC}") = "Assembly-CSharp", "Assembly-CSharp.csproj", "{2A24C47C-0E90-296F-0A61-8C05BC42BB9C}"
EndProject
Project("{FAE04EC0-301F-11D3-BF4B-00C04F79EFBC}") = "Assembly-CSharp-Editor", "Assembly-CSharp-Editor.csproj", "{BB29BE42-59E2-655E-353D-33ECE62770DF}"
EndProject
Global
	GlobalSection(SolutionConfigurationPlatforms) = preSolution
		Debug|Any CPU = Debug|Any CPU
		Release|Any CPU = Release|Any CPU
	EndGlobalSection
	GlobalSection(ProjectConfigurationPlatforms) = postSolution
		{2A24C47C-0E90-296F-0A61-8C05BC42BB9C}.Debug|Any CPU.ActiveCfg = Debug|Any CPU
		{2A24C47C-0E90-296F-0A61-8C05BC42BB9C}.Debug|Any CPU.Build.0 = Debug|Any CPU
		{2A24C47C-0E90-296F-0A61-8C05BC42BB9C}.Release|Any CPU.ActiveCfg = Release|Any CPU
		{2A24C47C-0E90-296F-0A61-8C05BC42BB9C}.Release|Any CPU.Build.0 = Release|Any CPU
		{BB29BE42-59E2-655E-353D-33ECE62770DF}.Debug|Any CPU.ActiveCfg = Debug|Any CPU
		{BB29BE42-59E2-655E-353D-33ECE62770DF}.Debug|Any CPU.Build.0 = Debug|Any CPU
		{BB29BE42-59E2-655E-353D-33ECE62770DF}.Release|Any CPU.ActiveCfg = Release|Any CPU
		{BB29BE42-59E2-655E-353D-33ECE62770DF}.Release|Any CPU.Build.0 = Release|Any CPU
	EndGlobalSection
	GlobalSection(SolutionProperties) = preSolution
		HideSolutionNode = FALSE
	EndGlobalSection
EndGlobal
